
Microsoft Visual Studio Solution File, Format Version 12.00
# Visual Studio Version 17
VisualStudioVersion = 17.5.33516.290
MinimumVisualStudioVersion = 10.0.40219.1
Project("{FAE04EC0-301F-11D3-BF4B-00C04F79EFBC}") = "ShoppingCartGrapql", "ShoppingCartGrapql.csproj", "{63927515-999C-4709-8705-8F15D9AAFCDD}"
EndProject
Global
	GlobalSection(SolutionConfigurationPlatforms) = preSolution
		Debug|Any CPU = Debug|Any CPU
		Release|Any CPU = Release|Any CPU
	EndGlobalSection
	GlobalSection(ProjectConfigurationPlatforms) = postSolution
		{63927515-999C-4709-8705-8F15D9AAFCDD}.Debug|Any CPU.ActiveCfg = Debug|Any CPU
		{63927515-999C-4709-8705-8F15D9AAFCDD}.Debug|Any CPU.Build.0 = Debug|Any CPU
		{63927515-999C-4709-8705-8F15D9AAFCDD}.Release|Any CPU.ActiveCfg = Release|Any CPU
		{63927515-999C-4709-8705-8F15D9AAFCDD}.Release|Any CPU.Build.0 = Release|Any CPU
	EndGlobalSection
	GlobalSection(SolutionProperties) = preSolution
		HideSolutionNode = FALSE
	EndGlobalSection
	GlobalSection(ExtensibilityGlobals) = postSolution
		SolutionGuid = {300B4F09-1F0D-4327-A771-CB753BF48EAF}
	EndGlobalSection
EndGlobal
